{
  "name": "iced-error",
  "version": "0.0.13",
  "lockfileVersion": 1,
  "requires": true,
  "dependencies": {
    "colors": {
      "version": "1.3.2",
      "resolved": "https://registry.npmjs.org/colors/-/colors-1.3.2.tgz",
      "integrity": "sha512-rhP0JSBGYvpcNQj4s5AdShMeE5ahMop96cTeDl/v9qQQm2fYClE2QXZRi8wLzc+GmXSxdIqqbOIAhyObEXDbfQ==",
      "dev": true
    },
    "deep-equal": {
      "version": "1.0.1",
      "resolved": "https://registry.npmjs.org/deep-equal/-/deep-equal-1.0.1.tgz",
      "integrity": "sha1-9dJgKStmDghO/0zbyfCK0yR0SLU=",
      "dev": true
    },
    "iced-coffee-script": {
      "version": "108.0.11",
      "resolved": "https://registry.npmjs.org/iced-coffee-script/-/iced-coffee-script-108.0.11.tgz",
      "integrity": "sha1-HXH/k8kElyimRoOFqpvIkf10xY8=",
      "dev": true,
      "requires": {
        "iced-runtime": ">=0.0.1"
      }
    },
    "iced-runtime": {
      "version": "1.0.3",
      "resolved": "https://registry.npmjs.org/iced-runtime/-/iced-runtime-1.0.3.tgz",
      "integrity": "sha1-LU9PuZmreqVDCxk8d6f85BGDGc4="
    },
    "iced-test": {
      "version": "0.0.24",
      "resolved": "https://registry.npmjs.org/iced-test/-/iced-test-0.0.24.tgz",
      "integrity": "sha512-RTheOxAx1oYLRwsw/bHvh5LqIuTEJb9D5xyQm3VwGtlHgkCBFaolwjssX3TT7ASZFChpVa9WY9fIPdJaTmYXyA==",
      "dev": true,
      "requires": {
        "colors": ">=0.6.2",
        "deep-equal": ">=0.2.1",
        "iced-runtime": "^1.0.3",
        "minimist": ">=0.0.8"
      }
    },
    "minimist": {
      "version": "1.2.0",
      "resolved": "http://registry.npmjs.org/minimist/-/minimist-1.2.0.tgz",
      "integrity": "sha1-o1AIsg9BOD7sH7kU9M1d95omQoQ=",
      "dev": true
    }
  }
}
